
Microsoft Visual Studio Solution File, Format Version 12.00
# Visual Studio 14
VisualStudioVersion = 14.0.25420.1
MinimumVisualStudioVersion = 10.0.40219.1
Project("{8BB2217D-0F2D-49D1-97BC-3654ED321F3B}") = "Minor.WSA.Common", "Minor.WSA.Common\Minor.WSA.Common.xproj", "{8D1D9778-5E70-413E-8298-77415424F1E6}"
EndProject
Project("{8BB2217D-0F2D-49D1-97BC-3654ED321F3B}") = "Minor.WSA.Infrastructure", "Minor.WSA.Infrastructure\Minor.WSA.Infrastructure.xproj", "{A1F68B73-8426-49C5-B46C-2CB57FF3DB40}"
EndProject
Project("{8BB2217D-0F2D-49D1-97BC-3654ED321F3B}") = "Minor.WSA.Infrastructure.Test", "Minor.WSA.Infrastructure.Test\Minor.WSA.Infrastructure.Test.xproj", "{BB40043C-BFD5-479B-9E33-C9878A78912B}"
EndProject
Global
	GlobalSection(SolutionConfigurationPlatforms) = preSolution
		Debug|Any CPU = Debug|Any CPU
		Release|Any CPU = Release|Any CPU
	EndGlobalSection
	GlobalSection(ProjectConfigurationPlatforms) = postSolution
		{8D1D9778-5E70-413E-8298-77415424F1E6}.Debug|Any CPU.ActiveCfg = Debug|Any CPU
		{8D1D9778-5E70-413E-8298-77415424F1E6}.Debug|Any CPU.Build.0 = Debug|Any CPU
		{8D1D9778-5E70-413E-8298-77415424F1E6}.Release|Any CPU.ActiveCfg = Release|Any CPU
		{8D1D9778-5E70-413E-8298-77415424F1E6}.Release|Any CPU.Build.0 = Release|Any CPU
		{A1F68B73-8426-49C5-B46C-2CB57FF3DB40}.Debug|Any CPU.ActiveCfg = Debug|Any CPU
		{A1F68B73-8426-49C5-B46C-2CB57FF3DB40}.Debug|Any CPU.Build.0 = Debug|Any CPU
		{A1F68B73-8426-49C5-B46C-2CB57FF3DB40}.Release|Any CPU.ActiveCfg = Release|Any CPU
		{A1F68B73-8426-49C5-B46C-2CB57FF3DB40}.Release|Any CPU.Build.0 = Release|Any CPU
		{BB40043C-BFD5-479B-9E33-C9878A78912B}.Debug|Any CPU.ActiveCfg = Debug|Any CPU
		{BB40043C-BFD5-479B-9E33-C9878A78912B}.Debug|Any CPU.Build.0 = Debug|Any CPU
		{BB40043C-BFD5-479B-9E33-C9878A78912B}.Release|Any CPU.ActiveCfg = Release|Any CPU
		{BB40043C-BFD5-479B-9E33-C9878A78912B}.Release|Any CPU.Build.0 = Release|Any CPU
	EndGlobalSection
	GlobalSection(SolutionProperties) = preSolution
		HideSolutionNode = FALSE
	EndGlobalSection
EndGlobal
